
Microsoft Visual Studio Solution File, Format Version 12.00
# Visual Studio Version 17
VisualStudioVersion = 17.9.34728.123
MinimumVisualStudioVersion = 10.0.40219.1
Project("{9A19103F-16F7-4668-BE54-9A1E7A4F7556}") = "DataAccess", "DataAccess\DataAccess.csproj", "{AF0936A3-1243-4F12-8153-9DD1B2C3B425}"
EndProject
Project("{9A19103F-16F7-4668-BE54-9A1E7A4F7556}") = "Businees", "Businees\Businees.csproj", "{97F58FA6-8B14-400D-8246-C0A1102C3095}"
EndProject
Project("{9A19103F-16F7-4668-BE54-9A1E7A4F7556}") = "Entities", "Entities\Entities.csproj", "{DEF14096-49FC-4CF3-8EC3-4583AA1F826B}"
EndProject
Project("{9A19103F-16F7-4668-BE54-9A1E7A4F7556}") = "ConsoleUI", "ConsoleUI\ConsoleUI.csproj", "{6EBBA146-0B31-4F87-9601-640ECA7CEF27}"
EndProject
Project("{9A19103F-16F7-4668-BE54-9A1E7A4F7556}") = "Core", "Core\Core.csproj", "{F9E16B4B-EF3D-4E5A-8E55-C4FB6E3BEC9B}"
EndProject
Project("{FAE04EC0-301F-11D3-BF4B-00C04F79EFBC}") = "webAPII", "webAPII\webAPII.csproj", "{46F9EAB6-EE8C-42D2-BBCC-5403ACDCC435}"
EndProject
Global
	GlobalSection(SolutionConfigurationPlatforms) = preSolution
		Debug|Any CPU = Debug|Any CPU
		Release|Any CPU = Release|Any CPU
	EndGlobalSection
	GlobalSection(ProjectConfigurationPlatforms) = postSolution
		{AF0936A3-1243-4F12-8153-9DD1B2C3B425}.Debug|Any CPU.ActiveCfg = Debug|Any CPU
		{AF0936A3-1243-4F12-8153-9DD1B2C3B425}.Debug|Any CPU.Build.0 = Debug|Any CPU
		{AF0936A3-1243-4F12-8153-9DD1B2C3B425}.Release|Any CPU.ActiveCfg = Release|Any CPU
		{AF0936A3-1243-4F12-8153-9DD1B2C3B425}.Release|Any CPU.Build.0 = Release|Any CPU
		{97F58FA6-8B14-400D-8246-C0A1102C3095}.Debug|Any CPU.ActiveCfg = Debug|Any CPU
		{97F58FA6-8B14-400D-8246-C0A1102C3095}.Debug|Any CPU.Build.0 = Debug|Any CPU
		{97F58FA6-8B14-400D-8246-C0A1102C3095}.Release|Any CPU.ActiveCfg = Release|Any CPU
		{97F58FA6-8B14-400D-8246-C0A1102C3095}.Release|Any CPU.Build.0 = Release|Any CPU
		{DEF14096-49FC-4CF3-8EC3-4583AA1F826B}.Debug|Any CPU.ActiveCfg = Debug|Any CPU
		{DEF14096-49FC-4CF3-8EC3-4583AA1F826B}.Debug|Any CPU.Build.0 = Debug|Any CPU
		{DEF14096-49FC-4CF3-8EC3-4583AA1F826B}.Release|Any CPU.ActiveCfg = Release|Any CPU
		{DEF14096-49FC-4CF3-8EC3-4583AA1F826B}.Release|Any CPU.Build.0 = Release|Any CPU
		{6EBBA146-0B31-4F87-9601-640ECA7CEF27}.Debug|Any CPU.ActiveCfg = Debug|Any CPU
		{6EBBA146-0B31-4F87-9601-640ECA7CEF27}.Debug|Any CPU.Build.0 = Debug|Any CPU
		{6EBBA146-0B31-4F87-9601-640ECA7CEF27}.Release|Any CPU.ActiveCfg = Release|Any CPU
		{6EBBA146-0B31-4F87-9601-640ECA7CEF27}.Release|Any CPU.Build.0 = Release|Any CPU
		{F9E16B4B-EF3D-4E5A-8E55-C4FB6E3BEC9B}.Debug|Any CPU.ActiveCfg = Debug|Any CPU
		{F9E16B4B-EF3D-4E5A-8E55-C4FB6E3BEC9B}.Debug|Any CPU.Build.0 = Debug|Any CPU
		{F9E16B4B-EF3D-4E5A-8E55-C4FB6E3BEC9B}.Release|Any CPU.ActiveCfg = Release|Any CPU
		{F9E16B4B-EF3D-4E5A-8E55-C4FB6E3BEC9B}.Release|Any CPU.Build.0 = Release|Any CPU
		{46F9EAB6-EE8C-42D2-BBCC-5403ACDCC435}.Debug|Any CPU.ActiveCfg = Debug|Any CPU
		{46F9EAB6-EE8C-42D2-BBCC-5403ACDCC435}.Debug|Any CPU.Build.0 = Debug|Any CPU
		{46F9EAB6-EE8C-42D2-BBCC-5403ACDCC435}.Release|Any CPU.ActiveCfg = Release|Any CPU
		{46F9EAB6-EE8C-42D2-BBCC-5403ACDCC435}.Release|Any CPU.Build.0 = Release|Any CPU
	EndGlobalSection
	GlobalSection(SolutionProperties) = preSolution
		HideSolutionNode = FALSE
	EndGlobalSection
	GlobalSection(ExtensibilityGlobals) = postSolution
		SolutionGuid = {7BDD7B8B-BB5C-4CAC-9004-9E1F3EA1B2C8}
	EndGlobalSection
EndGlobal
